
Microsoft Visual Studio Solution File, Format Version 12.00
# Visual Studio 15
VisualStudioVersion = 15.0.27004.2006
MinimumVisualStudioVersion = 10.0.40219.1
Project("{FAE04EC0-301F-11D3-BF4B-00C04F79EFBC}") = "CompressionMissingMethod", "CompressionMissingMethod\CompressionMissingMethod.csproj", "{1609AFD9-1414-439A-AD6B-2E0232391DAF}"
EndProject
Global
	GlobalSection(SolutionConfigurationPlatforms) = preSolution
		Debug|Any CPU = Debug|Any CPU
		Release|Any CPU = Release|Any CPU
	EndGlobalSection
	GlobalSection(ProjectConfigurationPlatforms) = postSolution
		{1609AFD9-1414-439A-AD6B-2E0232391DAF}.Debug|Any CPU.ActiveCfg = Debug|Any CPU
		{1609AFD9-1414-439A-AD6B-2E0232391DAF}.Debug|Any CPU.Build.0 = Debug|Any CPU
		{1609AFD9-1414-439A-AD6B-2E0232391DAF}.Release|Any CPU.ActiveCfg = Release|Any CPU
		{1609AFD9-1414-439A-AD6B-2E0232391DAF}.Release|Any CPU.Build.0 = Release|Any CPU
	EndGlobalSection
	GlobalSection(SolutionProperties) = preSolution
		HideSolutionNode = FALSE
	EndGlobalSection
	GlobalSection(ExtensibilityGlobals) = postSolution
		SolutionGuid = {907FB4C2-4B49-43DF-879A-F7416D329C2B}
	EndGlobalSection
EndGlobal
